
Microsoft Visual Studio Solution File, Format Version 12.00
# Visual Studio 14
VisualStudioVersion = 14.0.25420.1
MinimumVisualStudioVersion = 10.0.40219.1
Project("{2150E333-8FDC-42A3-9474-1A3956D46DE8}") = "src", "src", "{C50E05D7-404C-42A7-BF16-875530C7766B}"
EndProject
Project("{2150E333-8FDC-42A3-9474-1A3956D46DE8}") = "Solution Items", "Solution Items", "{3D670487-FE40-4080-A7CD-0B8E525999B4}"
	ProjectSection(SolutionItems) = preProject
		global.json = global.json
	EndProjectSection
EndProject
Project("{8BB2217D-0F2D-49D1-97BC-3654ED321F3B}") = "CrossQuery", "src\CrossQuery\CrossQuery.xproj", "{AE368E67-812B-4CDF-A51F-6DF928DF308A}"
EndProject
Global
	GlobalSection(SolutionConfigurationPlatforms) = preSolution
		Debug|Any CPU = Debug|Any CPU
		Release|Any CPU = Release|Any CPU
	EndGlobalSection
	GlobalSection(ProjectConfigurationPlatforms) = postSolution
		{AE368E67-812B-4CDF-A51F-6DF928DF308A}.Debug|Any CPU.ActiveCfg = Debug|Any CPU
		{AE368E67-812B-4CDF-A51F-6DF928DF308A}.Debug|Any CPU.Build.0 = Debug|Any CPU
		{AE368E67-812B-4CDF-A51F-6DF928DF308A}.Release|Any CPU.ActiveCfg = Release|Any CPU
		{AE368E67-812B-4CDF-A51F-6DF928DF308A}.Release|Any CPU.Build.0 = Release|Any CPU
	EndGlobalSection
	GlobalSection(SolutionProperties) = preSolution
		HideSolutionNode = FALSE
	EndGlobalSection
	GlobalSection(NestedProjects) = preSolution
		{AE368E67-812B-4CDF-A51F-6DF928DF308A} = {C50E05D7-404C-42A7-BF16-875530C7766B}
	EndGlobalSection
EndGlobal
